
Microsoft Visual Studio Solution File, Format Version 12.00
# Visual Studio Version 16
VisualStudioVersion = 16.0.28902.138
MinimumVisualStudioVersion = 10.0.40219.1
Project("{FAE04EC0-301F-11D3-BF4B-00C04F79EFBC}") = "MvcMovie", "MvcMovie\MvcMovie.csproj", "{9EF7044C-F304-4E30-86EF-FCC65954CFBB}"
EndProject
Global
	GlobalSection(SolutionConfigurationPlatforms) = preSolution
		Debug|Any CPU = Debug|Any CPU
		Release|Any CPU = Release|Any CPU
	EndGlobalSection
	GlobalSection(ProjectConfigurationPlatforms) = postSolution
		{9EF7044C-F304-4E30-86EF-FCC65954CFBB}.Debug|Any CPU.ActiveCfg = Debug|Any CPU
		{9EF7044C-F304-4E30-86EF-FCC65954CFBB}.Debug|Any CPU.Build.0 = Debug|Any CPU
		{9EF7044C-F304-4E30-86EF-FCC65954CFBB}.Release|Any CPU.ActiveCfg = Release|Any CPU
		{9EF7044C-F304-4E30-86EF-FCC65954CFBB}.Release|Any CPU.Build.0 = Release|Any CPU
	EndGlobalSection
	GlobalSection(SolutionProperties) = preSolution
		HideSolutionNode = FALSE
	EndGlobalSection
	GlobalSection(ExtensibilityGlobals) = postSolution
		SolutionGuid = {76B64547-4622-4E03-97C7-5BD5EEC663AE}
	EndGlobalSection
EndGlobal
